
Microsoft Visual Studio Solution File, Format Version 12.00
# Visual Studio 15
VisualStudioVersion = 15.0.27703.2047
MinimumVisualStudioVersion = 10.0.40219.1
Project("{8BC9CEB8-8B4A-11D0-8D11-00A0C91BC942}") = "Insert_Sort", "Insert_Sort\Insert_Sort.vcxproj", "{4773E767-D2D2-4A99-8F27-3C469F22CC98}"
EndProject
Global
	GlobalSection(SolutionConfigurationPlatforms) = preSolution
		Debug|x64 = Debug|x64
		Debug|x86 = Debug|x86
		Release|x64 = Release|x64
		Release|x86 = Release|x86
	EndGlobalSection
	GlobalSection(ProjectConfigurationPlatforms) = postSolution
		{4773E767-D2D2-4A99-8F27-3C469F22CC98}.Debug|x64.ActiveCfg = Debug|x64
		{4773E767-D2D2-4A99-8F27-3C469F22CC98}.Debug|x64.Build.0 = Debug|x64
		{4773E767-D2D2-4A99-8F27-3C469F22CC98}.Debug|x86.ActiveCfg = Debug|Win32
		{4773E767-D2D2-4A99-8F27-3C469F22CC98}.Debug|x86.Build.0 = Debug|Win32
		{4773E767-D2D2-4A99-8F27-3C469F22CC98}.Release|x64.ActiveCfg = Release|x64
		{4773E767-D2D2-4A99-8F27-3C469F22CC98}.Release|x64.Build.0 = Release|x64
		{4773E767-D2D2-4A99-8F27-3C469F22CC98}.Release|x86.ActiveCfg = Release|Win32
		{4773E767-D2D2-4A99-8F27-3C469F22CC98}.Release|x86.Build.0 = Release|Win32
	EndGlobalSection
	GlobalSection(SolutionProperties) = preSolution
		HideSolutionNode = FALSE
	EndGlobalSection
	GlobalSection(ExtensibilityGlobals) = postSolution
		SolutionGuid = {C90DF5D7-49C1-40F7-9DE2-065758C26707}
	EndGlobalSection
EndGlobal
