
Microsoft Visual Studio Solution File, Format Version 12.00
# Visual Studio 15
VisualStudioVersion = 15.0.27703.2047
MinimumVisualStudioVersion = 10.0.40219.1
Project("{8BC9CEB8-8B4A-11D0-8D11-00A0C91BC942}") = "1회차 스터디 버블정렬2", "1회차 스터디 버블정렬2\1회차 스터디 버블정렬2.vcxproj", "{65B383F2-917B-4B65-8017-CED9223F8977}"
EndProject
Global
	GlobalSection(SolutionConfigurationPlatforms) = preSolution
		Debug|x64 = Debug|x64
		Debug|x86 = Debug|x86
		Release|x64 = Release|x64
		Release|x86 = Release|x86
	EndGlobalSection
	GlobalSection(ProjectConfigurationPlatforms) = postSolution
		{65B383F2-917B-4B65-8017-CED9223F8977}.Debug|x64.ActiveCfg = Debug|x64
		{65B383F2-917B-4B65-8017-CED9223F8977}.Debug|x64.Build.0 = Debug|x64
		{65B383F2-917B-4B65-8017-CED9223F8977}.Debug|x86.ActiveCfg = Debug|Win32
		{65B383F2-917B-4B65-8017-CED9223F8977}.Debug|x86.Build.0 = Debug|Win32
		{65B383F2-917B-4B65-8017-CED9223F8977}.Release|x64.ActiveCfg = Release|x64
		{65B383F2-917B-4B65-8017-CED9223F8977}.Release|x64.Build.0 = Release|x64
		{65B383F2-917B-4B65-8017-CED9223F8977}.Release|x86.ActiveCfg = Release|Win32
		{65B383F2-917B-4B65-8017-CED9223F8977}.Release|x86.Build.0 = Release|Win32
	EndGlobalSection
	GlobalSection(SolutionProperties) = preSolution
		HideSolutionNode = FALSE
	EndGlobalSection
	GlobalSection(ExtensibilityGlobals) = postSolution
		SolutionGuid = {052F6601-C4AC-4825-B468-9BF5A950B3F1}
	EndGlobalSection
EndGlobal
